
Microsoft Visual Studio Solution File, Format Version 12.00
# Visual Studio Version 16
VisualStudioVersion = 16.0.30114.105
MinimumVisualStudioVersion = 10.0.40219.1
Project("{2150E333-8FDC-42A3-9474-1A3956D46DE8}") = "Src", "Src", "{F75980B4-7017-4FF5-9A9E-B6AAD234624C}"
EndProject
Project("{2150E333-8FDC-42A3-9474-1A3956D46DE8}") = "Application", "Application", "{B9D5C5EB-A292-4FD2-8150-929CDD5BC2D2}"
EndProject
Project("{2150E333-8FDC-42A3-9474-1A3956D46DE8}") = "Infrastructure", "Infrastructure", "{68DC6BC7-9F15-42D8-857A-0ACEC781B777}"
EndProject
Project("{2150E333-8FDC-42A3-9474-1A3956D46DE8}") = "Domain", "Domain", "{4DF39794-67E1-469F-A92C-6CF257D2E51F}"
EndProject
Project("{2150E333-8FDC-42A3-9474-1A3956D46DE8}") = "Test", "Test", "{FBE7D0CE-BF76-4A18-9290-785CC79BCCF6}"
EndProject
Project("{FAE04EC0-301F-11D3-BF4B-00C04F79EFBC}") = "Neo.Application", "Application\Neo.Application\Neo.Application.csproj", "{C420033B-F2DB-4328-8D69-06FEB21349D9}"
EndProject
Project("{FAE04EC0-301F-11D3-BF4B-00C04F79EFBC}") = "Neo.Application.Contracts", "Application\Neo.Application.Contracts\Neo.Application.Contracts.csproj", "{B30A99D2-C96B-485F-B514-751D0B69FE86}"
EndProject
Project("{FAE04EC0-301F-11D3-BF4B-00C04F79EFBC}") = "Neo.Domain", "Domain\Neo.Domain\Neo.Domain.csproj", "{604618BC-B561-4E11-BCA2-268D8F0D31EC}"
EndProject
Project("{FAE04EC0-301F-11D3-BF4B-00C04F79EFBC}") = "Neo.Domain.Contracts", "Domain\Neo.Domain.Contracts\Neo.Domain.Contracts.csproj", "{8409C20B-2193-401D-ABB9-C4E321C01F7C}"
EndProject
Project("{FAE04EC0-301F-11D3-BF4B-00C04F79EFBC}") = "Neo.Infrastructure.Framework", "Infrastructure\Neo.Infrastructure.Framework\Neo.Infrastructure.Framework.csproj", "{BEDB6263-302E-4884-854D-0FF255A85679}"
EndProject
Project("{FAE04EC0-301F-11D3-BF4B-00C04F79EFBC}") = "Neo.Domain.Tests.Unit", "Test\Neo.Domain.Tests.Unit\Neo.Domain.Tests.Unit.csproj", "{B9A52D76-0CB4-4D6C-985B-2C6883A60ED2}"
EndProject
Project("{2150E333-8FDC-42A3-9474-1A3956D46DE8}") = "Gateways", "Gateways", "{AFD1734B-317A-4E25-BE92-A38E1CC98268}"
EndProject
Project("{FAE04EC0-301F-11D3-BF4B-00C04F79EFBC}") = "Neo.Gateways.RestApi", "Gateways\Neo.Gateways.RestApi\Neo.Gateways.RestApi.csproj", "{53351143-344C-45DB-8E38-11AADD9BF17B}"
EndProject
Project("{FAE04EC0-301F-11D3-BF4B-00C04F79EFBC}") = "Neo.Infrastructure.Persistence.ES", "Infrastructure\Neo.Infrastructure.Persistence.ES\Neo.Infrastructure.Persistence.ES.csproj", "{8ECEA8C5-153D-45D9-9744-08EAB7801191}"
EndProject
Global
	GlobalSection(SolutionConfigurationPlatforms) = preSolution
		Debug|Any CPU = Debug|Any CPU
		Release|Any CPU = Release|Any CPU
	EndGlobalSection
	GlobalSection(SolutionProperties) = preSolution
		HideSolutionNode = FALSE
	EndGlobalSection
	GlobalSection(NestedProjects) = preSolution
		{B9D5C5EB-A292-4FD2-8150-929CDD5BC2D2} = {F75980B4-7017-4FF5-9A9E-B6AAD234624C}
		{68DC6BC7-9F15-42D8-857A-0ACEC781B777} = {F75980B4-7017-4FF5-9A9E-B6AAD234624C}
		{4DF39794-67E1-469F-A92C-6CF257D2E51F} = {F75980B4-7017-4FF5-9A9E-B6AAD234624C}
		{FBE7D0CE-BF76-4A18-9290-785CC79BCCF6} = {F75980B4-7017-4FF5-9A9E-B6AAD234624C}
		{C420033B-F2DB-4328-8D69-06FEB21349D9} = {B9D5C5EB-A292-4FD2-8150-929CDD5BC2D2}
		{B30A99D2-C96B-485F-B514-751D0B69FE86} = {B9D5C5EB-A292-4FD2-8150-929CDD5BC2D2}
		{604618BC-B561-4E11-BCA2-268D8F0D31EC} = {4DF39794-67E1-469F-A92C-6CF257D2E51F}
		{8409C20B-2193-401D-ABB9-C4E321C01F7C} = {4DF39794-67E1-469F-A92C-6CF257D2E51F}
		{BEDB6263-302E-4884-854D-0FF255A85679} = {68DC6BC7-9F15-42D8-857A-0ACEC781B777}
		{B9A52D76-0CB4-4D6C-985B-2C6883A60ED2} = {FBE7D0CE-BF76-4A18-9290-785CC79BCCF6}
		{AFD1734B-317A-4E25-BE92-A38E1CC98268} = {F75980B4-7017-4FF5-9A9E-B6AAD234624C}
		{53351143-344C-45DB-8E38-11AADD9BF17B} = {AFD1734B-317A-4E25-BE92-A38E1CC98268}
		{8ECEA8C5-153D-45D9-9744-08EAB7801191} = {68DC6BC7-9F15-42D8-857A-0ACEC781B777}
	EndGlobalSection
	GlobalSection(ProjectConfigurationPlatforms) = postSolution
		{C420033B-F2DB-4328-8D69-06FEB21349D9}.Debug|Any CPU.ActiveCfg = Debug|Any CPU
		{C420033B-F2DB-4328-8D69-06FEB21349D9}.Debug|Any CPU.Build.0 = Debug|Any CPU
		{C420033B-F2DB-4328-8D69-06FEB21349D9}.Release|Any CPU.ActiveCfg = Release|Any CPU
		{C420033B-F2DB-4328-8D69-06FEB21349D9}.Release|Any CPU.Build.0 = Release|Any CPU
		{B30A99D2-C96B-485F-B514-751D0B69FE86}.Debug|Any CPU.ActiveCfg = Debug|Any CPU
		{B30A99D2-C96B-485F-B514-751D0B69FE86}.Debug|Any CPU.Build.0 = Debug|Any CPU
		{B30A99D2-C96B-485F-B514-751D0B69FE86}.Release|Any CPU.ActiveCfg = Release|Any CPU
		{B30A99D2-C96B-485F-B514-751D0B69FE86}.Release|Any CPU.Build.0 = Release|Any CPU
		{604618BC-B561-4E11-BCA2-268D8F0D31EC}.Debug|Any CPU.ActiveCfg = Debug|Any CPU
		{604618BC-B561-4E11-BCA2-268D8F0D31EC}.Debug|Any CPU.Build.0 = Debug|Any CPU
		{604618BC-B561-4E11-BCA2-268D8F0D31EC}.Release|Any CPU.ActiveCfg = Release|Any CPU
		{604618BC-B561-4E11-BCA2-268D8F0D31EC}.Release|Any CPU.Build.0 = Release|Any CPU
		{8409C20B-2193-401D-ABB9-C4E321C01F7C}.Debug|Any CPU.ActiveCfg = Debug|Any CPU
		{8409C20B-2193-401D-ABB9-C4E321C01F7C}.Debug|Any CPU.Build.0 = Debug|Any CPU
		{8409C20B-2193-401D-ABB9-C4E321C01F7C}.Release|Any CPU.ActiveCfg = Release|Any CPU
		{8409C20B-2193-401D-ABB9-C4E321C01F7C}.Release|Any CPU.Build.0 = Release|Any CPU
		{BEDB6263-302E-4884-854D-0FF255A85679}.Debug|Any CPU.ActiveCfg = Debug|Any CPU
		{BEDB6263-302E-4884-854D-0FF255A85679}.Debug|Any CPU.Build.0 = Debug|Any CPU
		{BEDB6263-302E-4884-854D-0FF255A85679}.Release|Any CPU.ActiveCfg = Release|Any CPU
		{BEDB6263-302E-4884-854D-0FF255A85679}.Release|Any CPU.Build.0 = Release|Any CPU
		{B9A52D76-0CB4-4D6C-985B-2C6883A60ED2}.Debug|Any CPU.ActiveCfg = Debug|Any CPU
		{B9A52D76-0CB4-4D6C-985B-2C6883A60ED2}.Debug|Any CPU.Build.0 = Debug|Any CPU
		{B9A52D76-0CB4-4D6C-985B-2C6883A60ED2}.Release|Any CPU.ActiveCfg = Release|Any CPU
		{B9A52D76-0CB4-4D6C-985B-2C6883A60ED2}.Release|Any CPU.Build.0 = Release|Any CPU
		{53351143-344C-45DB-8E38-11AADD9BF17B}.Debug|Any CPU.ActiveCfg = Debug|Any CPU
		{53351143-344C-45DB-8E38-11AADD9BF17B}.Debug|Any CPU.Build.0 = Debug|Any CPU
		{53351143-344C-45DB-8E38-11AADD9BF17B}.Release|Any CPU.ActiveCfg = Release|Any CPU
		{53351143-344C-45DB-8E38-11AADD9BF17B}.Release|Any CPU.Build.0 = Release|Any CPU
		{8ECEA8C5-153D-45D9-9744-08EAB7801191}.Debug|Any CPU.ActiveCfg = Debug|Any CPU
		{8ECEA8C5-153D-45D9-9744-08EAB7801191}.Debug|Any CPU.Build.0 = Debug|Any CPU
		{8ECEA8C5-153D-45D9-9744-08EAB7801191}.Release|Any CPU.ActiveCfg = Release|Any CPU
		{8ECEA8C5-153D-45D9-9744-08EAB7801191}.Release|Any CPU.Build.0 = Release|Any CPU
	EndGlobalSection
EndGlobal
